
Microsoft Visual Studio Solution File, Format Version 12.00
# Visual Studio Version 16
VisualStudioVersion = 16.0.29728.190
MinimumVisualStudioVersion = 10.0.40219.1
Project("{FAE04EC0-301F-11D3-BF4B-00C04F79EFBC}") = "Lemonway.WebService", "Lemonway.WebService\Lemonway.WebService.csproj", "{46E75ADD-D7F7-4ACF-8847-73C0BCF9D3E8}"
EndProject
Project("{FAE04EC0-301F-11D3-BF4B-00C04F79EFBC}") = "Lemonway.WebService.Tests", "Lemonway.WebService.Tests\Lemonway.WebService.Tests.csproj", "{AB6E37ED-031B-44BD-8435-239BB2A2E653}"
EndProject
Project("{FAE04EC0-301F-11D3-BF4B-00C04F79EFBC}") = "Lemonway.Console", "Lemonway.Console\Lemonway.Console.csproj", "{A9A56589-D2BB-4322-B431-DB0BB1342344}"
	ProjectSection(ProjectDependencies) = postProject
		{46E75ADD-D7F7-4ACF-8847-73C0BCF9D3E8} = {46E75ADD-D7F7-4ACF-8847-73C0BCF9D3E8}
	EndProjectSection
EndProject
Project("{FAE04EC0-301F-11D3-BF4B-00C04F79EFBC}") = "Leamonway.WinFormApp", "Leamonway.WinFormApp\Leamonway.WinFormApp.csproj", "{A5B5DC8C-E858-46FB-B813-508FCD903FBF}"
	ProjectSection(ProjectDependencies) = postProject
		{46E75ADD-D7F7-4ACF-8847-73C0BCF9D3E8} = {46E75ADD-D7F7-4ACF-8847-73C0BCF9D3E8}
	EndProjectSection
EndProject
Global
	GlobalSection(SolutionConfigurationPlatforms) = preSolution
		Debug|Any CPU = Debug|Any CPU
		Release|Any CPU = Release|Any CPU
	EndGlobalSection
	GlobalSection(ProjectConfigurationPlatforms) = postSolution
		{46E75ADD-D7F7-4ACF-8847-73C0BCF9D3E8}.Debug|Any CPU.ActiveCfg = Debug|Any CPU
		{46E75ADD-D7F7-4ACF-8847-73C0BCF9D3E8}.Debug|Any CPU.Build.0 = Debug|Any CPU
		{46E75ADD-D7F7-4ACF-8847-73C0BCF9D3E8}.Release|Any CPU.ActiveCfg = Release|Any CPU
		{46E75ADD-D7F7-4ACF-8847-73C0BCF9D3E8}.Release|Any CPU.Build.0 = Release|Any CPU
		{AB6E37ED-031B-44BD-8435-239BB2A2E653}.Debug|Any CPU.ActiveCfg = Debug|Any CPU
		{AB6E37ED-031B-44BD-8435-239BB2A2E653}.Debug|Any CPU.Build.0 = Debug|Any CPU
		{AB6E37ED-031B-44BD-8435-239BB2A2E653}.Release|Any CPU.ActiveCfg = Release|Any CPU
		{AB6E37ED-031B-44BD-8435-239BB2A2E653}.Release|Any CPU.Build.0 = Release|Any CPU
		{A9A56589-D2BB-4322-B431-DB0BB1342344}.Debug|Any CPU.ActiveCfg = Debug|Any CPU
		{A9A56589-D2BB-4322-B431-DB0BB1342344}.Debug|Any CPU.Build.0 = Debug|Any CPU
		{A9A56589-D2BB-4322-B431-DB0BB1342344}.Release|Any CPU.ActiveCfg = Release|Any CPU
		{A9A56589-D2BB-4322-B431-DB0BB1342344}.Release|Any CPU.Build.0 = Release|Any CPU
		{A5B5DC8C-E858-46FB-B813-508FCD903FBF}.Debug|Any CPU.ActiveCfg = Debug|Any CPU
		{A5B5DC8C-E858-46FB-B813-508FCD903FBF}.Debug|Any CPU.Build.0 = Debug|Any CPU
		{A5B5DC8C-E858-46FB-B813-508FCD903FBF}.Release|Any CPU.ActiveCfg = Release|Any CPU
		{A5B5DC8C-E858-46FB-B813-508FCD903FBF}.Release|Any CPU.Build.0 = Release|Any CPU
	EndGlobalSection
	GlobalSection(SolutionProperties) = preSolution
		HideSolutionNode = FALSE
	EndGlobalSection
	GlobalSection(ExtensibilityGlobals) = postSolution
		SolutionGuid = {6B3FD38A-0641-4FDC-A169-98F717B99A49}
	EndGlobalSection
EndGlobal
